
Microsoft Visual Studio Solution File, Format Version 12.00
Project("{FAE04EC0-301F-11D3-BF4B-00C04F79EFBC}") = "AvaloniaDraw", "AvaloniaDraw\AvaloniaDraw.csproj", "{8732B45B-F872-48FE-8FDA-06C00647A0F1}"
EndProject
Project("{FAE04EC0-301F-11D3-BF4B-00C04F79EFBC}") = "AvaloniaDraw.Android", "AvaloniaDraw.Android\AvaloniaDraw.Android.csproj", "{AD0E07E2-2D4D-47FE-A0B2-4438D252FF86}"
EndProject
Project("{FAE04EC0-301F-11D3-BF4B-00C04F79EFBC}") = "AvaloniaDraw.Desktop", "AvaloniaDraw.Desktop\AvaloniaDraw.Desktop.csproj", "{FFC0A4E0-EA1E-40FB-94C7-25958EC135EE}"
EndProject
Project("{FAE04EC0-301F-11D3-BF4B-00C04F79EFBC}") = "AvaloniaDraw.iOS", "AvaloniaDraw.iOS\AvaloniaDraw.iOS.csproj", "{1ED8B50D-FF2F-4675-8EC2-03103AFCDCF4}"
EndProject
Project("{FAE04EC0-301F-11D3-BF4B-00C04F79EFBC}") = "AvaloniaDraw.Browser", "AvaloniaDraw.Browser\AvaloniaDraw.Browser.csproj", "{91726AC6-13BA-46D6-980F-80A235ECD3EE}"
EndProject
Global
	GlobalSection(SolutionConfigurationPlatforms) = preSolution
		Debug|Any CPU = Debug|Any CPU
		Release|Any CPU = Release|Any CPU
	EndGlobalSection
	GlobalSection(ProjectConfigurationPlatforms) = postSolution
		{8732B45B-F872-48FE-8FDA-06C00647A0F1}.Debug|Any CPU.ActiveCfg = Debug|Any CPU
		{8732B45B-F872-48FE-8FDA-06C00647A0F1}.Debug|Any CPU.Build.0 = Debug|Any CPU
		{8732B45B-F872-48FE-8FDA-06C00647A0F1}.Release|Any CPU.ActiveCfg = Release|Any CPU
		{8732B45B-F872-48FE-8FDA-06C00647A0F1}.Release|Any CPU.Build.0 = Release|Any CPU
		{AD0E07E2-2D4D-47FE-A0B2-4438D252FF86}.Debug|Any CPU.ActiveCfg = Debug|Any CPU
		{AD0E07E2-2D4D-47FE-A0B2-4438D252FF86}.Debug|Any CPU.Build.0 = Debug|Any CPU
		{AD0E07E2-2D4D-47FE-A0B2-4438D252FF86}.Release|Any CPU.ActiveCfg = Release|Any CPU
		{AD0E07E2-2D4D-47FE-A0B2-4438D252FF86}.Release|Any CPU.Build.0 = Release|Any CPU
		{FFC0A4E0-EA1E-40FB-94C7-25958EC135EE}.Debug|Any CPU.ActiveCfg = Debug|Any CPU
		{FFC0A4E0-EA1E-40FB-94C7-25958EC135EE}.Debug|Any CPU.Build.0 = Debug|Any CPU
		{FFC0A4E0-EA1E-40FB-94C7-25958EC135EE}.Release|Any CPU.ActiveCfg = Release|Any CPU
		{FFC0A4E0-EA1E-40FB-94C7-25958EC135EE}.Release|Any CPU.Build.0 = Release|Any CPU
		{1ED8B50D-FF2F-4675-8EC2-03103AFCDCF4}.Debug|Any CPU.ActiveCfg = Debug|Any CPU
		{1ED8B50D-FF2F-4675-8EC2-03103AFCDCF4}.Debug|Any CPU.Build.0 = Debug|Any CPU
		{1ED8B50D-FF2F-4675-8EC2-03103AFCDCF4}.Release|Any CPU.ActiveCfg = Release|Any CPU
		{1ED8B50D-FF2F-4675-8EC2-03103AFCDCF4}.Release|Any CPU.Build.0 = Release|Any CPU
		{91726AC6-13BA-46D6-980F-80A235ECD3EE}.Debug|Any CPU.ActiveCfg = Debug|Any CPU
		{91726AC6-13BA-46D6-980F-80A235ECD3EE}.Debug|Any CPU.Build.0 = Debug|Any CPU
		{91726AC6-13BA-46D6-980F-80A235ECD3EE}.Release|Any CPU.ActiveCfg = Release|Any CPU
		{91726AC6-13BA-46D6-980F-80A235ECD3EE}.Release|Any CPU.Build.0 = Release|Any CPU
	EndGlobalSection
EndGlobal
